// !$*UTF8*$!
{
	archiveVersion = 1;
	classes = {
	};
	objectVersion = 56;
	objects = {

/* Begin PBXBuildFile section */
		E21FD95A2A006559003D73AF /* ArtistsTabView.swift in Sources */ = {isa = PBXBuildFile; fileRef = E21FD9592A006559003D73AF /* ArtistsTabView.swift */; };
		E22FBC5B2A031DD5008E11B0 /* FavoritesView.swift in Sources */ = {isa = PBXBuildFile; fileRef = E22FBC5A2A031DD5008E11B0 /* FavoritesView.swift */; };
		E248F4012A00BA3B00029132 /* CircularProgressView.swift in Sources */ = {isa = PBXBuildFile; fileRef = E248F4002A00BA3B00029132 /* CircularProgressView.swift */; };
		E248F4032A00C2CC00029132 /* VenueTabView.swift in Sources */ = {isa = PBXBuildFile; fileRef = E248F4022A00C2CC00029132 /* VenueTabView.swift */; };
		E248F4052A00DFF600029132 /* MapView.swift in Sources */ = {isa = PBXBuildFile; fileRef = E248F4042A00DFF600029132 /* MapView.swift */; };
		E2643D7429FB599700CF296F /* EventDetailsView.swift in Sources */ = {isa = PBXBuildFile; fileRef = E2643D7329FB599700CF296F /* EventDetailsView.swift */; };
		E298C0F929FAFD6F0017B62A /* EventsListView.swift in Sources */ = {isa = PBXBuildFile; fileRef = E298C0F829FAFD6F0017B62A /* EventsListView.swift */; };
		E2CC5B4329F9B4EC000AFBE0 /* Assignment9iosApp.swift in Sources */ = {isa = PBXBuildFile; fileRef = E2CC5B4229F9B4EC000AFBE0 /* Assignment9iosApp.swift */; };
		E2CC5B4529F9B4EC000AFBE0 /* ContentView.swift in Sources */ = {isa = PBXBuildFile; fileRef = E2CC5B4429F9B4EC000AFBE0 /* ContentView.swift */; };
		E2CC5B4729F9B4ED000AFBE0 /* Assets.xcassets in Resources */ = {isa = PBXBuildFile; fileRef = E2CC5B4629F9B4ED000AFBE0 /* Assets.xcassets */; };
		E2CC5B4A29F9B4ED000AFBE0 /* Preview Assets.xcassets in Resources */ = {isa = PBXBuildFile; fileRef = E2CC5B4929F9B4ED000AFBE0 /* Preview Assets.xcassets */; };
		E2CC5B5429F9B4ED000AFBE0 /* Assignment9iosTests.swift in Sources */ = {isa = PBXBuildFile; fileRef = E2CC5B5329F9B4ED000AFBE0 /* Assignment9iosTests.swift */; };
		E2CC5B5E29F9B4ED000AFBE0 /* Assignment9iosUITests.swift in Sources */ = {isa = PBXBuildFile; fileRef = E2CC5B5D29F9B4ED000AFBE0 /* Assignment9iosUITests.swift */; };
		E2CC5B6029F9B4ED000AFBE0 /* Assignment9iosUITestsLaunchTests.swift in Sources */ = {isa = PBXBuildFile; fileRef = E2CC5B5F29F9B4ED000AFBE0 /* Assignment9iosUITestsLaunchTests.swift */; };
		E2CC5B6F29F9B52F000AFBE0 /* EventsView.swift in Sources */ = {isa = PBXBuildFile; fileRef = E2CC5B6E29F9B52F000AFBE0 /* EventsView.swift */; };
		E2CC5B7229F9B570000AFBE0 /* Alamofire in Frameworks */ = {isa = PBXBuildFile; productRef = E2CC5B7129F9B570000AFBE0 /* Alamofire */; };
		E2CC5B7529F9B755000AFBE0 /* Geohash in Frameworks */ = {isa = PBXBuildFile; productRef = E2CC5B7429F9B755000AFBE0 /* Geohash */; };
		E2CC5B7729F9C84B000AFBE0 /* AppObjects.swift in Sources */ = {isa = PBXBuildFile; fileRef = E2CC5B7629F9C84B000AFBE0 /* AppObjects.swift */; };
		E2E8394629FB92C900F7B527 /* EventTabView.swift in Sources */ = {isa = PBXBuildFile; fileRef = E2E8394529FB92C900F7B527 /* EventTabView.swift */; };
/* End PBXBuildFile section */

/* Begin PBXContainerItemProxy section */
		E2CC5B5029F9B4ED000AFBE0 /* PBXContainerItemProxy */ = {
			isa = PBXContainerItemProxy;
			containerPortal = E2CC5B3729F9B4EC000AFBE0 /* Project object */;
			proxyType = 1;
			remoteGlobalIDString = E2CC5B3E29F9B4EC000AFBE0;
			remoteInfo = Assignment9ios;
		};
		E2CC5B5A29F9B4ED000AFBE0 /* PBXContainerItemProxy */ = {
			isa = PBXContainerItemProxy;
			containerPortal = E2CC5B3729F9B4EC000AFBE0 /* Project object */;
			proxyType = 1;
			remoteGlobalIDString = E2CC5B3E29F9B4EC000AFBE0;
			remoteInfo = Assignment9ios;
		};
/* End PBXContainerItemProxy section */

/* Begin PBXFileReference section */
		E21FD9592A006559003D73AF /* ArtistsTabView.swift */ = {isa = PBXFileReference; lastKnownFileType = sourcecode.swift; path = ArtistsTabView.swift; sourceTree = "<group>"; };
		E22FBC5A2A031DD5008E11B0 /* FavoritesView.swift */ = {isa = PBXFileReference; lastKnownFileType = sourcecode.swift; path = FavoritesView.swift; sourceTree = "<group>"; };
		E22FBC5C2A0344A0008E11B0 /* Info.plist */ = {isa = PBXFileReference; lastKnownFileType = text.plist; path = Info.plist; sourceTree = "<group>"; };
		E248F4002A00BA3B00029132 /* CircularProgressView.swift */ = {isa = PBXFileReference; lastKnownFileType = sourcecode.swift; path = CircularProgressView.swift; sourceTree = "<group>"; };
		E248F4022A00C2CC00029132 /* VenueTabView.swift */ = {isa = PBXFileReference; lastKnownFileType = sourcecode.swift; path = VenueTabView.swift; sourceTree = "<group>"; };
		E248F4042A00DFF600029132 /* MapView.swift */ = {isa = PBXFileReference; lastKnownFileType = sourcecode.swift; path = MapView.swift; sourceTree = "<group>"; };
		E2643D7329FB599700CF296F /* EventDetailsView.swift */ = {isa = PBXFileReference; lastKnownFileType = sourcecode.swift; path = EventDetailsView.swift; sourceTree = "<group>"; };
		E298C0F829FAFD6F0017B62A /* EventsListView.swift */ = {isa = PBXFileReference; lastKnownFileType = sourcecode.swift; path = EventsListView.swift; sourceTree = "<group>"; };
		E2CC5B3F29F9B4EC000AFBE0 /* Assignment9ios.app */ = {isa = PBXFileReference; explicitFileType = wrapper.application; includeInIndex = 0; path = Assignment9ios.app; sourceTree = BUILT_PRODUCTS_DIR; };
		E2CC5B4229F9B4EC000AFBE0 /* Assignment9iosApp.swift */ = {isa = PBXFileReference; lastKnownFileType = sourcecode.swift; path = Assignment9iosApp.swift; sourceTree = "<group>"; };
		E2CC5B4429F9B4EC000AFBE0 /* ContentView.swift */ = {isa = PBXFileReference; lastKnownFileType = sourcecode.swift; path = ContentView.swift; sourceTree = "<group>"; };
		E2CC5B4629F9B4ED000AFBE0 /* Assets.xcassets */ = {isa = PBXFileReference; lastKnownFileType = folder.assetcatalog; path = Assets.xcassets; sourceTree = "<group>"; };
		E2CC5B4929F9B4ED000AFBE0 /* Preview Assets.xcassets */ = {isa = PBXFileReference; lastKnownFileType = folder.assetcatalog; path = "Preview Assets.xcassets"; sourceTree = "<group>"; };
		E2CC5B4F29F9B4ED000AFBE0 /* Assignment9iosTests.xctest */ = {isa = PBXFileReference; explicitFileType = wrapper.cfbundle; includeInIndex = 0; path = Assignment9iosTests.xctest; sourceTree = BUILT_PRODUCTS_DIR; };
		E2CC5B5329F9B4ED000AFBE0 /* Assignment9iosTests.swift */ = {isa = PBXFileReference; lastKnownFileType = sourcecode.swift; path = Assignment9iosTests.swift; sourceTree = "<group>"; };
		E2CC5B5929F9B4ED000AFBE0 /* Assignment9iosUITests.xctest */ = {isa = PBXFileReference; explicitFileType = wrapper.cfbundle; includeInIndex = 0; path = Assignment9iosUITests.xctest; sourceTree = BUILT_PRODUCTS_DIR; };
		E2CC5B5D29F9B4ED000AFBE0 /* Assignment9iosUITests.swift */ = {isa = PBXFileReference; lastKnownFileType = sourcecode.swift; path = Assignment9iosUITests.swift; sourceTree = "<group>"; };
		E2CC5B5F29F9B4ED000AFBE0 /* Assignment9iosUITestsLaunchTests.swift */ = {isa = PBXFileReference; lastKnownFileType = sourcecode.swift; path = Assignment9iosUITestsLaunchTests.swift; sourceTree = "<group>"; };
		E2CC5B6E29F9B52F000AFBE0 /* EventsView.swift */ = {isa = PBXFileReference; lastKnownFileType = sourcecode.swift; path = EventsView.swift; sourceTree = "<group>"; };
		E2CC5B7629F9C84B000AFBE0 /* AppObjects.swift */ = {isa = PBXFileReference; lastKnownFileType = sourcecode.swift; path = AppObjects.swift; sourceTree = "<group>"; };
		E2E8394529FB92C900F7B527 /* EventTabView.swift */ = {isa = PBXFileReference; lastKnownFileType = sourcecode.swift; path = EventTabView.swift; sourceTree = "<group>"; };
/* End PBXFileReference section */

/* Begin PBXFrameworksBuildPhase section */
		E2CC5B3C29F9B4EC000AFBE0 /* Frameworks */ = {
			isa = PBXFrameworksBuildPhase;
			buildActionMask = 2147483647;
			files = (
				E2CC5B7529F9B755000AFBE0 /* Geohash in Frameworks */,
				E2CC5B7229F9B570000AFBE0 /* Alamofire in Frameworks */,
			);
			runOnlyForDeploymentPostprocessing = 0;
		};
		E2CC5B4C29F9B4ED000AFBE0 /* Frameworks */ = {
			isa = PBXFrameworksBuildPhase;
			buildActionMask = 2147483647;
			files = (
			);
			runOnlyForDeploymentPostprocessing = 0;
		};
		E2CC5B5629F9B4ED000AFBE0 /* Frameworks */ = {
			isa = PBXFrameworksBuildPhase;
			buildActionMask = 2147483647;
			files = (
			);
			runOnlyForDeploymentPostprocessing = 0;
		};
/* End PBXFrameworksBuildPhase section */

/* Begin PBXGroup section */
		E2CC5B3629F9B4EC000AFBE0 = {
			isa = PBXGroup;
			children = (
				E2CC5B4129F9B4EC000AFBE0 /* Assignment9ios */,
				E2CC5B5229F9B4ED000AFBE0 /* Assignment9iosTests */,
				E2CC5B5C29F9B4ED000AFBE0 /* Assignment9iosUITests */,
				E2CC5B4029F9B4EC000AFBE0 /* Products */,
			);
			sourceTree = "<group>";
		};
		E2CC5B4029F9B4EC000AFBE0 /* Products */ = {
			isa = PBXGroup;
			children = (
				E2CC5B3F29F9B4EC000AFBE0 /* Assignment9ios.app */,
				E2CC5B4F29F9B4ED000AFBE0 /* Assignment9iosTests.xctest */,
				E2CC5B5929F9B4ED000AFBE0 /* Assignment9iosUITests.xctest */,
			);
			name = Products;
			sourceTree = "<group>";
		};
		E2CC5B4129F9B4EC000AFBE0 /* Assignment9ios */ = {
			isa = PBXGroup;
			children = (
				E22FBC5C2A0344A0008E11B0 /* Info.plist */,
				E2CC5B4229F9B4EC000AFBE0 /* Assignment9iosApp.swift */,
				E2CC5B4429F9B4EC000AFBE0 /* ContentView.swift */,
				E2CC5B4629F9B4ED000AFBE0 /* Assets.xcassets */,
				E2CC5B4829F9B4ED000AFBE0 /* Preview Content */,
				E2CC5B6E29F9B52F000AFBE0 /* EventsView.swift */,
				E2CC5B7629F9C84B000AFBE0 /* AppObjects.swift */,
				E298C0F829FAFD6F0017B62A /* EventsListView.swift */,
				E2643D7329FB599700CF296F /* EventDetailsView.swift */,
				E2E8394529FB92C900F7B527 /* EventTabView.swift */,
				E21FD9592A006559003D73AF /* ArtistsTabView.swift */,
				E248F4002A00BA3B00029132 /* CircularProgressView.swift */,
				E248F4022A00C2CC00029132 /* VenueTabView.swift */,
				E248F4042A00DFF600029132 /* MapView.swift */,
				E22FBC5A2A031DD5008E11B0 /* FavoritesView.swift */,
			);
			path = Assignment9ios;
			sourceTree = "<group>";
		};
		E2CC5B4829F9B4ED000AFBE0 /* Preview Content */ = {
			isa = PBXGroup;
			children = (
				E2CC5B4929F9B4ED000AFBE0 /* Preview Assets.xcassets */,
			);
			path = "Preview Content";
			sourceTree = "<group>";
		};
		E2CC5B5229F9B4ED000AFBE0 /* Assignment9iosTests */ = {
			isa = PBXGroup;
			children = (
				E2CC5B5329F9B4ED000AFBE0 /* Assignment9iosTests.swift */,
			);
			path = Assignment9iosTests;
			sourceTree = "<group>";
		};
		E2CC5B5C29F9B4ED000AFBE0 /* Assignment9iosUITests */ = {
			isa = PBXGroup;
			children = (
				E2CC5B5D29F9B4ED000AFBE0 /* Assignment9iosUITests.swift */,
				E2CC5B5F29F9B4ED000AFBE0 /* Assignment9iosUITestsLaunchTests.swift */,
			);
			path = Assignment9iosUITests;
			sourceTree = "<group>";
		};
/* End PBXGroup section */

/* Begin PBXNativeTarget section */
		E2CC5B3E29F9B4EC000AFBE0 /* Assignment9ios */ = {
			isa = PBXNativeTarget;
			buildConfigurationList = E2CC5B6329F9B4ED000AFBE0 /* Build configuration list for PBXNativeTarget "Assignment9ios" */;
			buildPhases = (
				E2CC5B3B29F9B4EC000AFBE0 /* Sources */,
				E2CC5B3C29F9B4EC000AFBE0 /* Frameworks */,
				E2CC5B3D29F9B4EC000AFBE0 /* Resources */,
			);
			buildRules = (
			);
			dependencies = (
			);
			name = Assignment9ios;
			packageProductDependencies = (
				E2CC5B7129F9B570000AFBE0 /* Alamofire */,
				E2CC5B7429F9B755000AFBE0 /* Geohash */,
			);
			productName = Assignment9ios;
			productReference = E2CC5B3F29F9B4EC000AFBE0 /* Assignment9ios.app */;
			productType = "com.apple.product-type.application";
		};
		E2CC5B4E29F9B4ED000AFBE0 /* Assignment9iosTests */ = {
			isa = PBXNativeTarget;
			buildConfigurationList = E2CC5B6629F9B4ED000AFBE0 /* Build configuration list for PBXNativeTarget "Assignment9iosTests" */;
			buildPhases = (
				E2CC5B4B29F9B4ED000AFBE0 /* Sources */,
				E2CC5B4C29F9B4ED000AFBE0 /* Frameworks */,
				E2CC5B4D29F9B4ED000AFBE0 /* Resources */,
			);
			buildRules = (
			);
			dependencies = (
				E2CC5B5129F9B4ED000AFBE0 /* PBXTargetDependency */,
			);
			name = Assignment9iosTests;
			productName = Assignment9iosTests;
			productReference = E2CC5B4F29F9B4ED000AFBE0 /* Assignment9iosTests.xctest */;
			productType = "com.apple.product-type.bundle.unit-test";
		};
		E2CC5B5829F9B4ED000AFBE0 /* Assignment9iosUITests */ = {
			isa = PBXNativeTarget;
			buildConfigurationList = E2CC5B6929F9B4ED000AFBE0 /* Build configuration list for PBXNativeTarget "Assignment9iosUITests" */;
			buildPhases = (
				E2CC5B5529F9B4ED000AFBE0 /* Sources */,
				E2CC5B5629F9B4ED000AFBE0 /* Frameworks */,
				E2CC5B5729F9B4ED000AFBE0 /* Resources */,
			);
			buildRules = (
			);
			dependencies = (
				E2CC5B5B29F9B4ED000AFBE0 /* PBXTargetDependency */,
			);
			name = Assignment9iosUITests;
			productName = Assignment9iosUITests;
			productReference = E2CC5B5929F9B4ED000AFBE0 /* Assignment9iosUITests.xctest */;
			productType = "com.apple.product-type.bundle.ui-testing";
		};
/* End PBXNativeTarget section */

/* Begin PBXProject section */
		E2CC5B3729F9B4EC000AFBE0 /* Project object */ = {
			isa = PBXProject;
			attributes = {
				BuildIndependentTargetsInParallel = 1;
				LastSwiftUpdateCheck = 1430;
				LastUpgradeCheck = 1430;
				TargetAttributes = {
					E2CC5B3E29F9B4EC000AFBE0 = {
						CreatedOnToolsVersion = 14.3;
					};
					E2CC5B4E29F9B4ED000AFBE0 = {
						CreatedOnToolsVersion = 14.3;
						TestTargetID = E2CC5B3E29F9B4EC000AFBE0;
					};
					E2CC5B5829F9B4ED000AFBE0 = {
						CreatedOnToolsVersion = 14.3;
						TestTargetID = E2CC5B3E29F9B4EC000AFBE0;
					};
				};
			};
			buildConfigurationList = E2CC5B3A29F9B4EC000AFBE0 /* Build configuration list for PBXProject "Assignment9ios" */;
			compatibilityVersion = "Xcode 14.0";
			developmentRegion = en;
			hasScannedForEncodings = 0;
			knownRegions = (
				en,
				Base,
			);
			mainGroup = E2CC5B3629F9B4EC000AFBE0;
			packageReferences = (
				E2CC5B7029F9B570000AFBE0 /* XCRemoteSwiftPackageReference "Alamofire" */,
				E2CC5B7329F9B755000AFBE0 /* XCRemoteSwiftPackageReference "Geohash" */,
			);
			productRefGroup = E2CC5B4029F9B4EC000AFBE0 /* Products */;
			projectDirPath = "";
			projectRoot = "";
			targets = (
				E2CC5B3E29F9B4EC000AFBE0 /* Assignment9ios */,
				E2CC5B4E29F9B4ED000AFBE0 /* Assignment9iosTests */,
				E2CC5B5829F9B4ED000AFBE0 /* Assignment9iosUITests */,
			);
		};
/* End PBXProject section */

/* Begin PBXResourcesBuildPhase section */
		E2CC5B3D29F9B4EC000AFBE0 /* Resources */ = {
			isa = PBXResourcesBuildPhase;
			buildActionMask = 2147483647;
			files = (
				E2CC5B4A29F9B4ED000AFBE0 /* Preview Assets.xcassets in Resources */,
				E2CC5B4729F9B4ED000AFBE0 /* Assets.xcassets in Resources */,
			);
			runOnlyForDeploymentPostprocessing = 0;
		};
		E2CC5B4D29F9B4ED000AFBE0 /* Resources */ = {
			isa = PBXResourcesBuildPhase;
			buildActionMask = 2147483647;
			files = (
			);
			runOnlyForDeploymentPostprocessing = 0;
		};
		E2CC5B5729F9B4ED000AFBE0 /* Resources */ = {
			isa = PBXResourcesBuildPhase;
			buildActionMask = 2147483647;
			files = (
			);
			runOnlyForDeploymentPostprocessing = 0;
		};
/* End PBXResourcesBuildPhase section */

/* Begin PBXSourcesBuildPhase section */
		E2CC5B3B29F9B4EC000AFBE0 /* Sources */ = {
			isa = PBXSourcesBuildPhase;
			buildActionMask = 2147483647;
			files = (
				E248F4032A00C2CC00029132 /* VenueTabView.swift in Sources */,
				E2CC5B4529F9B4EC000AFBE0 /* ContentView.swift in Sources */,
				E248F4012A00BA3B00029132 /* CircularProgressView.swift in Sources */,
				E248F4052A00DFF600029132 /* MapView.swift in Sources */,
				E298C0F929FAFD6F0017B62A /* EventsListView.swift in Sources */,
				E2CC5B4329F9B4EC000AFBE0 /* Assignment9iosApp.swift in Sources */,
				E21FD95A2A006559003D73AF /* ArtistsTabView.swift in Sources */,
				E2E8394629FB92C900F7B527 /* EventTabView.swift in Sources */,
				E22FBC5B2A031DD5008E11B0 /* FavoritesView.swift in Sources */,
				E2CC5B7729F9C84B000AFBE0 /* AppObjects.swift in Sources */,
				E2643D7429FB599700CF296F /* EventDetailsView.swift in Sources */,
				E2CC5B6F29F9B52F000AFBE0 /* EventsView.swift in Sources */,
			);
			runOnlyForDeploymentPostprocessing = 0;
		};
		E2CC5B4B29F9B4ED000AFBE0 /* Sources */ = {
			isa = PBXSourcesBuildPhase;
			buildActionMask = 2147483647;
			files = (
				E2CC5B5429F9B4ED000AFBE0 /* Assignment9iosTests.swift in Sources */,
			);
			runOnlyForDeploymentPostprocessing = 0;
		};
		E2CC5B5529F9B4ED000AFBE0 /* Sources */ = {
			isa = PBXSourcesBuildPhase;
			buildActionMask = 2147483647;
			files = (
				E2CC5B5E29F9B4ED000AFBE0 /* Assignment9iosUITests.swift in Sources */,
				E2CC5B6029F9B4ED000AFBE0 /* Assignment9iosUITestsLaunchTests.swift in Sources */,
			);
			runOnlyForDeploymentPostprocessing = 0;
		};
/* End PBXSourcesBuildPhase section */

/* Begin PBXTargetDependency section */
		E2CC5B5129F9B4ED000AFBE0 /* PBXTargetDependency */ = {
			isa = PBXTargetDependency;
			target = E2CC5B3E29F9B4EC000AFBE0 /* Assignment9ios */;
			targetProxy = E2CC5B5029F9B4ED000AFBE0 /* PBXContainerItemProxy */;
		};
		E2CC5B5B29F9B4ED000AFBE0 /* PBXTargetDependency */ = {
			isa = PBXTargetDependency;
			target = E2CC5B3E29F9B4EC000AFBE0 /* Assignment9ios */;
			targetProxy = E2CC5B5A29F9B4ED000AFBE0 /* PBXContainerItemProxy */;
		};
/* End PBXTargetDependency section */

/* Begin XCBuildConfiguration section */
		E2CC5B6129F9B4ED000AFBE0 /* Debug */ = {
			isa = XCBuildConfiguration;
			buildSettings = {
				ALWAYS_SEARCH_USER_PATHS = NO;
				CLANG_ANALYZER_NONNULL = YES;
				CLANG_ANALYZER_NUMBER_OBJECT_CONVERSION = YES_AGGRESSIVE;
				CLANG_CXX_LANGUAGE_STANDARD = "gnu++20";
				CLANG_ENABLE_MODULES = YES;
				CLANG_ENABLE_OBJC_ARC = YES;
				CLANG_ENABLE_OBJC_WEAK = YES;
				CLANG_WARN_BLOCK_CAPTURE_AUTORELEASING = YES;
				CLANG_WARN_BOOL_CONVERSION = YES;
				CLANG_WARN_COMMA = YES;
				CLANG_WARN_CONSTANT_CONVERSION = YES;
				CLANG_WARN_DEPRECATED_OBJC_IMPLEMENTATIONS = YES;
				CLANG_WARN_DIRECT_OBJC_ISA_USAGE = YES_ERROR;
				CLANG_WARN_DOCUMENTATION_COMMENTS = YES;
				CLANG_WARN_EMPTY_BODY = YES;
				CLANG_WARN_ENUM_CONVERSION = YES;
				CLANG_WARN_INFINITE_RECURSION = YES;
				CLANG_WARN_INT_CONVERSION = YES;
				CLANG_WARN_NON_LITERAL_NULL_CONVERSION = YES;
				CLANG_WARN_OBJC_IMPLICIT_RETAIN_SELF = YES;
				CLANG_WARN_OBJC_LITERAL_CONVERSION = YES;
				CLANG_WARN_OBJC_ROOT_CLASS = YES_ERROR;
				CLANG_WARN_QUOTED_INCLUDE_IN_FRAMEWORK_HEADER = YES;
				CLANG_WARN_RANGE_LOOP_ANALYSIS = YES;
				CLANG_WARN_STRICT_PROTOTYPES = YES;
				CLANG_WARN_SUSPICIOUS_MOVE = YES;
				CLANG_WARN_UNGUARDED_AVAILABILITY = YES_AGGRESSIVE;
				CLANG_WARN_UNREACHABLE_CODE = YES;
				CLANG_WARN__DUPLICATE_METHOD_MATCH = YES;
				COPY_PHASE_STRIP = NO;
				DEBUG_INFORMATION_FORMAT = dwarf;
				ENABLE_STRICT_OBJC_MSGSEND = YES;
				ENABLE_TESTABILITY = YES;
				GCC_C_LANGUAGE_STANDARD = gnu11;
				GCC_DYNAMIC_NO_PIC = NO;
				GCC_NO_COMMON_BLOCKS = YES;
				GCC_OPTIMIZATION_LEVEL = 0;
				GCC_PREPROCESSOR_DEFINITIONS = (
					"DEBUG=1",
					"$(inherited)",
				);
				GCC_WARN_64_TO_32_BIT_CONVERSION = YES;
				GCC_WARN_ABOUT_RETURN_TYPE = YES_ERROR;
				GCC_WARN_UNDECLARED_SELECTOR = YES;
				GCC_WARN_UNINITIALIZED_AUTOS = YES_AGGRESSIVE;
				GCC_WARN_UNUSED_FUNCTION = YES;
				GCC_WARN_UNUSED_VARIABLE = YES;
				IPHONEOS_DEPLOYMENT_TARGET = 16.4;
				MTL_ENABLE_DEBUG_INFO = INCLUDE_SOURCE;
				MTL_FAST_MATH = YES;
				ONLY_ACTIVE_ARCH = YES;
				SDKROOT = iphoneos;
				SWIFT_ACTIVE_COMPILATION_CONDITIONS = DEBUG;
				SWIFT_OPTIMIZATION_LEVEL = "-Onone";
			};
			name = Debug;
		};
		E2CC5B6229F9B4ED000AFBE0 /* Release */ = {
			isa = XCBuildConfiguration;
			buildSettings = {
				ALWAYS_SEARCH_USER_PATHS = NO;
				CLANG_ANALYZER_NONNULL = YES;
				CLANG_ANALYZER_NUMBER_OBJECT_CONVERSION = YES_AGGRESSIVE;
				CLANG_CXX_LANGUAGE_STANDARD = "gnu++20";
				CLANG_ENABLE_MODULES = YES;
				CLANG_ENABLE_OBJC_ARC = YES;
				CLANG_ENABLE_OBJC_WEAK = YES;
				CLANG_WARN_BLOCK_CAPTURE_AUTORELEASING = YES;
				CLANG_WARN_BOOL_CONVERSION = YES;
				CLANG_WARN_COMMA = YES;
				CLANG_WARN_CONSTANT_CONVERSION = YES;
				CLANG_WARN_DEPRECATED_OBJC_IMPLEMENTATIONS = YES;
				CLANG_WARN_DIRECT_OBJC_ISA_USAGE = YES_ERROR;
				CLANG_WARN_DOCUMENTATION_COMMENTS = YES;
				CLANG_WARN_EMPTY_BODY = YES;
				CLANG_WARN_ENUM_CONVERSION = YES;
				CLANG_WARN_INFINITE_RECURSION = YES;
				CLANG_WARN_INT_CONVERSION = YES;
				CLANG_WARN_NON_LITERAL_NULL_CONVERSION = YES;
				CLANG_WARN_OBJC_IMPLICIT_RETAIN_SELF = YES;
				CLANG_WARN_OBJC_LITERAL_CONVERSION = YES;
				CLANG_WARN_OBJC_ROOT_CLASS = YES_ERROR;
				CLANG_WARN_QUOTED_INCLUDE_IN_FRAMEWORK_HEADER = YES;
				CLANG_WARN_RANGE_LOOP_ANALYSIS = YES;
				CLANG_WARN_STRICT_PROTOTYPES = YES;
				CLANG_WARN_SUSPICIOUS_MOVE = YES;
				CLANG_WARN_UNGUARDED_AVAILABILITY = YES_AGGRESSIVE;
				CLANG_WARN_UNREACHABLE_CODE = YES;
				CLANG_WARN__DUPLICATE_METHOD_MATCH = YES;
				COPY_PHASE_STRIP = NO;
				DEBUG_INFORMATION_FORMAT = "dwarf-with-dsym";
				ENABLE_NS_ASSERTIONS = NO;
				ENABLE_STRICT_OBJC_MSGSEND = YES;
				GCC_C_LANGUAGE_STANDARD = gnu11;
				GCC_NO_COMMON_BLOCKS = YES;
				GCC_WARN_64_TO_32_BIT_CONVERSION = YES;
				GCC_WARN_ABOUT_RETURN_TYPE = YES_ERROR;
				GCC_WARN_UNDECLARED_SELECTOR = YES;
				GCC_WARN_UNINITIALIZED_AUTOS = YES_AGGRESSIVE;
				GCC_WARN_UNUSED_FUNCTION = YES;
				GCC_WARN_UNUSED_VARIABLE = YES;
				IPHONEOS_DEPLOYMENT_TARGET = 16.4;
				MTL_ENABLE_DEBUG_INFO = NO;
				MTL_FAST_MATH = YES;
				SDKROOT = iphoneos;
				SWIFT_COMPILATION_MODE = wholemodule;
				SWIFT_OPTIMIZATION_LEVEL = "-O";
				VALIDATE_PRODUCT = YES;
			};
			name = Release;
		};
		E2CC5B6429F9B4ED000AFBE0 /* Debug */ = {
			isa = XCBuildConfiguration;
			buildSettings = {
				ASSETCATALOG_COMPILER_APPICON_NAME = AppIcon;
				ASSETCATALOG_COMPILER_GLOBAL_ACCENT_COLOR_NAME = AccentColor;
				CODE_SIGN_STYLE = Automatic;
				CURRENT_PROJECT_VERSION = 1;
				DEVELOPMENT_ASSET_PATHS = "\"Assignment9ios/Preview Content\"";
				ENABLE_PREVIEWS = YES;
				GENERATE_INFOPLIST_FILE = YES;
				INFOPLIST_FILE = Assignment9ios/Info.plist;
				INFOPLIST_KEY_UIApplicationSceneManifest_Generation = YES;
				INFOPLIST_KEY_UIApplicationSupportsIndirectInputEvents = YES;
				INFOPLIST_KEY_UISupportedInterfaceOrientations_iPad = "UIInterfaceOrientationPortrait UIInterfaceOrientationPortraitUpsideDown UIInterfaceOrientationLandscapeLeft UIInterfaceOrientationLandscapeRight";
				INFOPLIST_KEY_UISupportedInterfaceOrientations_iPhone = "UIInterfaceOrientationPortrait UIInterfaceOrientationLandscapeLeft UIInterfaceOrientationLandscapeRight";
				LD_RUNPATH_SEARCH_PATHS = (
					"$(inherited)",
					"@executable_path/Frameworks",
				);
				MARKETING_VERSION = 1.0;
				PRODUCT_BUNDLE_IDENTIFIER = com.csci571.Assignment9ios;
				PRODUCT_NAME = "$(TARGET_NAME)";
				SWIFT_EMIT_LOC_STRINGS = YES;
				SWIFT_VERSION = 5.0;
				TARGETED_DEVICE_FAMILY = "1,2";
			};
			name = Debug;
		};
		E2CC5B6529F9B4ED000AFBE0 /* Release */ = {
			isa = XCBuildConfiguration;
			buildSettings = {
				ASSETCATALOG_COMPILER_APPICON_NAME = AppIcon;
				ASSETCATALOG_COMPILER_GLOBAL_ACCENT_COLOR_NAME = AccentColor;
				CODE_SIGN_STYLE = Automatic;
				CURRENT_PROJECT_VERSION = 1;
				DEVELOPMENT_ASSET_PATHS = "\"Assignment9ios/Preview Content\"";
				ENABLE_PREVIEWS = YES;
				GENERATE_INFOPLIST_FILE = YES;
				INFOPLIST_FILE = Assignment9ios/Info.plist;
				INFOPLIST_KEY_UIApplicationSceneManifest_Generation = YES;
				INFOPLIST_KEY_UIApplicationSupportsIndirectInputEvents = YES;
				INFOPLIST_KEY_UISupportedInterfaceOrientations_iPad = "UIInterfaceOrientationPortrait UIInterfaceOrientationPortraitUpsideDown UIInterfaceOrientationLandscapeLeft UIInterfaceOrientationLandscapeRight";
				INFOPLIST_KEY_UISupportedInterfaceOrientations_iPhone = "UIInterfaceOrientationPortrait UIInterfaceOrientationLandscapeLeft UIInterfaceOrientationLandscapeRight";
				LD_RUNPATH_SEARCH_PATHS = (
					"$(inherited)",
					"@executable_path/Frameworks",
				);
				MARKETING_VERSION = 1.0;
				PRODUCT_BUNDLE_IDENTIFIER = com.csci571.Assignment9ios;
				PRODUCT_NAME = "$(TARGET_NAME)";
				SWIFT_EMIT_LOC_STRINGS = YES;
				SWIFT_VERSION = 5.0;
				TARGETED_DEVICE_FAMILY = "1,2";
			};
			name = Release;
		};
		E2CC5B6729F9B4ED000AFBE0 /* Debug */ = {
			isa = XCBuildConfiguration;
			buildSettings = {
				ALWAYS_EMBED_SWIFT_STANDARD_LIBRARIES = YES;
				BUNDLE_LOADER = "$(TEST_HOST)";
				CODE_SIGN_STYLE = Automatic;
				CURRENT_PROJECT_VERSION = 1;
				GENERATE_INFOPLIST_FILE = YES;
				IPHONEOS_DEPLOYMENT_TARGET = 16.4;
				MARKETING_VERSION = 1.0;
				PRODUCT_BUNDLE_IDENTIFIER = com.csci571.Assignment9iosTests;
				PRODUCT_NAME = "$(TARGET_NAME)";
				SWIFT_EMIT_LOC_STRINGS = NO;
				SWIFT_VERSION = 5.0;
				TARGETED_DEVICE_FAMILY = "1,2";
				TEST_HOST = "$(BUILT_PRODUCTS_DIR)/Assignment9ios.app/$(BUNDLE_EXECUTABLE_FOLDER_PATH)/Assignment9ios";
			};
			name = Debug;
		};
		E2CC5B6829F9B4ED000AFBE0 /* Release */ = {
			isa = XCBuildConfiguration;
			buildSettings = {
				ALWAYS_EMBED_SWIFT_STANDARD_LIBRARIES = YES;
				BUNDLE_LOADER = "$(TEST_HOST)";
				CODE_SIGN_STYLE = Automatic;
				CURRENT_PROJECT_VERSION = 1;
				GENERATE_INFOPLIST_FILE = YES;
				IPHONEOS_DEPLOYMENT_TARGET = 16.4;
				MARKETING_VERSION = 1.0;
				PRODUCT_BUNDLE_IDENTIFIER = com.csci571.Assignment9iosTests;
				PRODUCT_NAME = "$(TARGET_NAME)";
				SWIFT_EMIT_LOC_STRINGS = NO;
				SWIFT_VERSION = 5.0;
				TARGETED_DEVICE_FAMILY = "1,2";
				TEST_HOST = "$(BUILT_PRODUCTS_DIR)/Assignment9ios.app/$(BUNDLE_EXECUTABLE_FOLDER_PATH)/Assignment9ios";
			};
			name = Release;
		};
		E2CC5B6A29F9B4ED000AFBE0 /* Debug */ = {
			isa = XCBuildConfiguration;
			buildSettings = {
				ALWAYS_EMBED_SWIFT_STANDARD_LIBRARIES = YES;
				CODE_SIGN_STYLE = Automatic;
				CURRENT_PROJECT_VERSION = 1;
				GENERATE_INFOPLIST_FILE = YES;
				MARKETING_VERSION = 1.0;
				PRODUCT_BUNDLE_IDENTIFIER = com.csci571.Assignment9iosUITests;
				PRODUCT_NAME = "$(TARGET_NAME)";
				SWIFT_EMIT_LOC_STRINGS = NO;
				SWIFT_VERSION = 5.0;
				TARGETED_DEVICE_FAMILY = "1,2";
				TEST_TARGET_NAME = Assignment9ios;
			};
			name = Debug;
		};
		E2CC5B6B29F9B4ED000AFBE0 /* Release */ = {
			isa = XCBuildConfiguration;
			buildSettings = {
				ALWAYS_EMBED_SWIFT_STANDARD_LIBRARIES = YES;
				CODE_SIGN_STYLE = Automatic;
				CURRENT_PROJECT_VERSION = 1;
				GENERATE_INFOPLIST_FILE = YES;
				MARKETING_VERSION = 1.0;
				PRODUCT_BUNDLE_IDENTIFIER = com.csci571.Assignment9iosUITests;
				PRODUCT_NAME = "$(TARGET_NAME)";
				SWIFT_EMIT_LOC_STRINGS = NO;
				SWIFT_VERSION = 5.0;
				TARGETED_DEVICE_FAMILY = "1,2";
				TEST_TARGET_NAME = Assignment9ios;
			};
			name = Release;
		};
/* End XCBuildConfiguration section */

/* Begin XCConfigurationList section */
		E2CC5B3A29F9B4EC000AFBE0 /* Build configuration list for PBXProject "Assignment9ios" */ = {
			isa = XCConfigurationList;
			buildConfigurations = (
				E2CC5B6129F9B4ED000AFBE0 /* Debug */,
				E2CC5B6229F9B4ED000AFBE0 /* Release */,
			);
			defaultConfigurationIsVisible = 0;
			defaultConfigurationName = Release;
		};
		E2CC5B6329F9B4ED000AFBE0 /* Build configuration list for PBXNativeTarget "Assignment9ios" */ = {
			isa = XCConfigurationList;
			buildConfigurations = (
				E2CC5B6429F9B4ED000AFBE0 /* Debug */,
				E2CC5B6529F9B4ED000AFBE0 /* Release */,
			);
			defaultConfigurationIsVisible = 0;
			defaultConfigurationName = Release;
		};
		E2CC5B6629F9B4ED000AFBE0 /* Build configuration list for PBXNativeTarget "Assignment9iosTests" */ = {
			isa = XCConfigurationList;
			buildConfigurations = (
				E2CC5B6729F9B4ED000AFBE0 /* Debug */,
				E2CC5B6829F9B4ED000AFBE0 /* Release */,
			);
			defaultConfigurationIsVisible = 0;
			defaultConfigurationName = Release;
		};
		E2CC5B6929F9B4ED000AFBE0 /* Build configuration list for PBXNativeTarget "Assignment9iosUITests" */ = {
			isa = XCConfigurationList;
			buildConfigurations = (
				E2CC5B6A29F9B4ED000AFBE0 /* Debug */,
				E2CC5B6B29F9B4ED000AFBE0 /* Release */,
			);
			defaultConfigurationIsVisible = 0;
			defaultConfigurationName = Release;
		};
/* End XCConfigurationList section */

/* Begin XCRemoteSwiftPackageReference section */
		E2CC5B7029F9B570000AFBE0 /* XCRemoteSwiftPackageReference "Alamofire" */ = {
			isa = XCRemoteSwiftPackageReference;
			repositoryURL = "https://github.com/Alamofire/Alamofire.git";
			requirement = {
				kind = upToNextMajorVersion;
				minimumVersion = 5.0.0;
			};
		};
		E2CC5B7329F9B755000AFBE0 /* XCRemoteSwiftPackageReference "Geohash" */ = {
			isa = XCRemoteSwiftPackageReference;
			repositoryURL = "https://github.com/nh7a/Geohash";
			requirement = {
				kind = upToNextMajorVersion;
				minimumVersion = 1.0.0;
			};
		};
/* End XCRemoteSwiftPackageReference section */

/* Begin XCSwiftPackageProductDependency section */
		E2CC5B7129F9B570000AFBE0 /* Alamofire */ = {
			isa = XCSwiftPackageProductDependency;
			package = E2CC5B7029F9B570000AFBE0 /* XCRemoteSwiftPackageReference "Alamofire" */;
			productName = Alamofire;
		};
		E2CC5B7429F9B755000AFBE0 /* Geohash */ = {
			isa = XCSwiftPackageProductDependency;
			package = E2CC5B7329F9B755000AFBE0 /* XCRemoteSwiftPackageReference "Geohash" */;
			productName = Geohash;
		};
/* End XCSwiftPackageProductDependency section */
	};
	rootObject = E2CC5B3729F9B4EC000AFBE0 /* Project object */;
}
